
Microsoft Visual Studio Solution File, Format Version 12.00
# Visual Studio Version 16
VisualStudioVersion = 16.0.30114.105
MinimumVisualStudioVersion = 10.0.40219.1
Project("{FAE04EC0-301F-11D3-BF4B-00C04F79EFBC}") = "BuberBreakfast.Contracts", "Buberbreakfast.Contracts\BuberBreakfast.Contracts.csproj", "{93B8D3AD-CC8B-4B8E-9237-F73A6970052A}"
EndProject
Project("{FAE04EC0-301F-11D3-BF4B-00C04F79EFBC}") = "BuberBreakfast", "BuberBreakfast\BuberBreakfast.csproj", "{1B2F2249-AA6B-479A-B32F-4149532C2DB5}"
EndProject
Global
	GlobalSection(SolutionConfigurationPlatforms) = preSolution
		Debug|Any CPU = Debug|Any CPU
		Release|Any CPU = Release|Any CPU
	EndGlobalSection
	GlobalSection(SolutionProperties) = preSolution
		HideSolutionNode = FALSE
	EndGlobalSection
	GlobalSection(ProjectConfigurationPlatforms) = postSolution
		{93B8D3AD-CC8B-4B8E-9237-F73A6970052A}.Debug|Any CPU.ActiveCfg = Debug|Any CPU
		{93B8D3AD-CC8B-4B8E-9237-F73A6970052A}.Debug|Any CPU.Build.0 = Debug|Any CPU
		{93B8D3AD-CC8B-4B8E-9237-F73A6970052A}.Release|Any CPU.ActiveCfg = Release|Any CPU
		{93B8D3AD-CC8B-4B8E-9237-F73A6970052A}.Release|Any CPU.Build.0 = Release|Any CPU
		{1B2F2249-AA6B-479A-B32F-4149532C2DB5}.Debug|Any CPU.ActiveCfg = Debug|Any CPU
		{1B2F2249-AA6B-479A-B32F-4149532C2DB5}.Debug|Any CPU.Build.0 = Debug|Any CPU
		{1B2F2249-AA6B-479A-B32F-4149532C2DB5}.Release|Any CPU.ActiveCfg = Release|Any CPU
		{1B2F2249-AA6B-479A-B32F-4149532C2DB5}.Release|Any CPU.Build.0 = Release|Any CPU
	EndGlobalSection
EndGlobal
